{
  "name": "koala-note",
  "lockfileVersion": 2,
  "requires": true,
  "packages": {
    "": {
      "dependencies": {
        "konva": "^8.2.3"
      }
    },
    "node_modules/konva": {
      "version": "8.2.3",
      "resolved": "https://registry.npmjs.org/konva/-/konva-8.2.3.tgz",
      "integrity": "sha512-2hDlDzB9goNgV0Fm6oQqbq3ZISL34bOYvIpe4iXXQmOiPFFy1o3wwo0z0CX2x2Gv+fS6SHDR/JsRNRtEquApXA==",
      "funding": [
        {
          "type": "patreon",
          "url": "https://www.patreon.com/lavrton"
        },
        {
          "type": "opencollective",
          "url": "https://opencollective.com/konva"
        },
        {
          "type": "github",
          "url": "https://github.com/sponsors/lavrton"
        }
      ]
    }
  },
  "dependencies": {
    "konva": {
      "version": "8.2.3",
      "resolved": "https://registry.npmjs.org/konva/-/konva-8.2.3.tgz",
      "integrity": "sha512-2hDlDzB9goNgV0Fm6oQqbq3ZISL34bOYvIpe4iXXQmOiPFFy1o3wwo0z0CX2x2Gv+fS6SHDR/JsRNRtEquApXA=="
    }
  }
}
